
Microsoft Visual Studio Solution File, Format Version 12.00
# Visual Studio Version 17
VisualStudioVersion = 17.6.33829.357
MinimumVisualStudioVersion = 10.0.40219.1
Project("{9A19103F-16F7-4668-BE54-9A1E7A4F7556}") = "Net7EtlBus", "Net7EtlBus.Service\Net7EtlBus.Service.csproj", "{A0118EDC-3E26-42BC-84D9-BF8819642F08}"
EndProject
Global
	GlobalSection(SolutionConfigurationPlatforms) = preSolution
		Debug|Any CPU = Debug|Any CPU
		Release|Any CPU = Release|Any CPU
	EndGlobalSection
	GlobalSection(ProjectConfigurationPlatforms) = postSolution
		{A0118EDC-3E26-42BC-84D9-BF8819642F08}.Debug|Any CPU.ActiveCfg = Debug|Any CPU
		{A0118EDC-3E26-42BC-84D9-BF8819642F08}.Debug|Any CPU.Build.0 = Debug|Any CPU
		{A0118EDC-3E26-42BC-84D9-BF8819642F08}.Release|Any CPU.ActiveCfg = Release|Any CPU
		{A0118EDC-3E26-42BC-84D9-BF8819642F08}.Release|Any CPU.Build.0 = Release|Any CPU
	EndGlobalSection
	GlobalSection(SolutionProperties) = preSolution
		HideSolutionNode = FALSE
	EndGlobalSection
	GlobalSection(ExtensibilityGlobals) = postSolution
		SolutionGuid = {6997B3BF-5D55-4F06-B4A9-B05DB576DBFE}
	EndGlobalSection
EndGlobal
